
Microsoft Visual Studio Solution File, Format Version 12.00
# Visual Studio 14
VisualStudioVersion = 14.0.24720.0
MinimumVisualStudioVersion = 10.0.40219.1
Project("{FAE04EC0-301F-11D3-BF4B-00C04F79EFBC}") = "BloombergReaderWeb", "BloombergReaderWeb\BloombergReaderWeb.csproj", "{D711948B-B1E1-4C51-8D0A-A242A41C5810}"
EndProject
Project("{FAE04EC0-301F-11D3-BF4B-00C04F79EFBC}") = "BloombergReaderWeb.Tests", "BloombergReaderWeb.Tests\BloombergReaderWeb.Tests.csproj", "{BBBCE772-4868-4934-8DD0-96D448708100}"
EndProject
Global
	GlobalSection(SolutionConfigurationPlatforms) = preSolution
		Debug|Any CPU = Debug|Any CPU
		Release|Any CPU = Release|Any CPU
	EndGlobalSection
	GlobalSection(ProjectConfigurationPlatforms) = postSolution
		{D711948B-B1E1-4C51-8D0A-A242A41C5810}.Debug|Any CPU.ActiveCfg = Debug|Any CPU
		{D711948B-B1E1-4C51-8D0A-A242A41C5810}.Debug|Any CPU.Build.0 = Debug|Any CPU
		{D711948B-B1E1-4C51-8D0A-A242A41C5810}.Release|Any CPU.ActiveCfg = Release|Any CPU
		{D711948B-B1E1-4C51-8D0A-A242A41C5810}.Release|Any CPU.Build.0 = Release|Any CPU
		{BBBCE772-4868-4934-8DD0-96D448708100}.Debug|Any CPU.ActiveCfg = Debug|Any CPU
		{BBBCE772-4868-4934-8DD0-96D448708100}.Debug|Any CPU.Build.0 = Debug|Any CPU
		{BBBCE772-4868-4934-8DD0-96D448708100}.Release|Any CPU.ActiveCfg = Release|Any CPU
		{BBBCE772-4868-4934-8DD0-96D448708100}.Release|Any CPU.Build.0 = Release|Any CPU
	EndGlobalSection
	GlobalSection(SolutionProperties) = preSolution
		HideSolutionNode = FALSE
	EndGlobalSection
EndGlobal
