
Microsoft Visual Studio Solution File, Format Version 12.00
# Visual Studio 14
VisualStudioVersion = 14.0.24720.0
MinimumVisualStudioVersion = 10.0.40219.1
Project("{FAE04EC0-301F-11D3-BF4B-00C04F79EFBC}") = "BloombergReader.Web", "BloombergReader.Web\BloombergReader.Web.csproj", "{D711948B-B1E1-4C51-8D0A-A242A41C5810}"
EndProject
Project("{FAE04EC0-301F-11D3-BF4B-00C04F79EFBC}") = "BloombergReader.Core.Tests", "BloombergReader.Core.Tests\BloombergReader.Core.Tests.csproj", "{BBBCE772-4868-4934-8DD0-96D448708100}"
EndProject
Project("{FAE04EC0-301F-11D3-BF4B-00C04F79EFBC}") = "BEmu", "BEmu\BEmu.csproj", "{0DD8974E-DA15-4131-8805-B44815053F61}"
EndProject
Project("{FAE04EC0-301F-11D3-BF4B-00C04F79EFBC}") = "BloombergReader.Core", "BloombergReader.Core\BloombergReader.Core.csproj", "{2118F888-A1DC-4292-80FE-9CD4CAF88E5C}"
EndProject
Global
	GlobalSection(SolutionConfigurationPlatforms) = preSolution
		Debug|Any CPU = Debug|Any CPU
		Release|Any CPU = Release|Any CPU
	EndGlobalSection
	GlobalSection(ProjectConfigurationPlatforms) = postSolution
		{D711948B-B1E1-4C51-8D0A-A242A41C5810}.Debug|Any CPU.ActiveCfg = Debug|Any CPU
		{D711948B-B1E1-4C51-8D0A-A242A41C5810}.Debug|Any CPU.Build.0 = Debug|Any CPU
		{D711948B-B1E1-4C51-8D0A-A242A41C5810}.Release|Any CPU.ActiveCfg = Release|Any CPU
		{D711948B-B1E1-4C51-8D0A-A242A41C5810}.Release|Any CPU.Build.0 = Release|Any CPU
		{BBBCE772-4868-4934-8DD0-96D448708100}.Debug|Any CPU.ActiveCfg = Debug|Any CPU
		{BBBCE772-4868-4934-8DD0-96D448708100}.Debug|Any CPU.Build.0 = Debug|Any CPU
		{BBBCE772-4868-4934-8DD0-96D448708100}.Release|Any CPU.ActiveCfg = Release|Any CPU
		{BBBCE772-4868-4934-8DD0-96D448708100}.Release|Any CPU.Build.0 = Release|Any CPU
		{0DD8974E-DA15-4131-8805-B44815053F61}.Debug|Any CPU.ActiveCfg = Debug|Any CPU
		{0DD8974E-DA15-4131-8805-B44815053F61}.Debug|Any CPU.Build.0 = Debug|Any CPU
		{0DD8974E-DA15-4131-8805-B44815053F61}.Release|Any CPU.ActiveCfg = Release|Any CPU
		{0DD8974E-DA15-4131-8805-B44815053F61}.Release|Any CPU.Build.0 = Release|Any CPU
		{2118F888-A1DC-4292-80FE-9CD4CAF88E5C}.Debug|Any CPU.ActiveCfg = Debug|Any CPU
		{2118F888-A1DC-4292-80FE-9CD4CAF88E5C}.Debug|Any CPU.Build.0 = Debug|Any CPU
		{2118F888-A1DC-4292-80FE-9CD4CAF88E5C}.Release|Any CPU.ActiveCfg = Release|Any CPU
		{2118F888-A1DC-4292-80FE-9CD4CAF88E5C}.Release|Any CPU.Build.0 = Release|Any CPU
	EndGlobalSection
	GlobalSection(SolutionProperties) = preSolution
		HideSolutionNode = FALSE
	EndGlobalSection
EndGlobal
