
Microsoft Visual Studio Solution File, Format Version 12.00
# Visual Studio 2013
VisualStudioVersion = 12.0.31101.0
MinimumVisualStudioVersion = 10.0.40219.1
Project("{FAE04EC0-301F-11D3-BF4B-00C04F79EFBC}") = "BloombergReader", "BloombergReader.csproj", "{FFE29EEE-C502-4591-A1B9-9FF94DE79076}"
EndProject
Project("{FAE04EC0-301F-11D3-BF4B-00C04F79EFBC}") = "BloombergReaderConsole", "..\BloombergReaderConsole\BloombergReaderConsole.csproj", "{D20A0846-6F6A-439A-B896-74F680B1C05E}"
EndProject
Project("{FAE04EC0-301F-11D3-BF4B-00C04F79EFBC}") = "BloombergReaderTests", "..\BloombergReaderTests\BloombergReaderTests.csproj", "{D0431B65-6D24-411F-BF60-6D1CD9BF0BB7}"
EndProject
Global
	GlobalSection(SolutionConfigurationPlatforms) = preSolution
		Debug|Any CPU = Debug|Any CPU
		Release|Any CPU = Release|Any CPU
	EndGlobalSection
	GlobalSection(ProjectConfigurationPlatforms) = postSolution
		{FFE29EEE-C502-4591-A1B9-9FF94DE79076}.Debug|Any CPU.ActiveCfg = Debug|Any CPU
		{FFE29EEE-C502-4591-A1B9-9FF94DE79076}.Debug|Any CPU.Build.0 = Debug|Any CPU
		{FFE29EEE-C502-4591-A1B9-9FF94DE79076}.Release|Any CPU.ActiveCfg = Release|Any CPU
		{FFE29EEE-C502-4591-A1B9-9FF94DE79076}.Release|Any CPU.Build.0 = Release|Any CPU
		{D20A0846-6F6A-439A-B896-74F680B1C05E}.Debug|Any CPU.ActiveCfg = Debug|Any CPU
		{D20A0846-6F6A-439A-B896-74F680B1C05E}.Debug|Any CPU.Build.0 = Debug|Any CPU
		{D20A0846-6F6A-439A-B896-74F680B1C05E}.Release|Any CPU.ActiveCfg = Release|Any CPU
		{D20A0846-6F6A-439A-B896-74F680B1C05E}.Release|Any CPU.Build.0 = Release|Any CPU
		{D0431B65-6D24-411F-BF60-6D1CD9BF0BB7}.Debug|Any CPU.ActiveCfg = Debug|Any CPU
		{D0431B65-6D24-411F-BF60-6D1CD9BF0BB7}.Debug|Any CPU.Build.0 = Debug|Any CPU
		{D0431B65-6D24-411F-BF60-6D1CD9BF0BB7}.Release|Any CPU.ActiveCfg = Release|Any CPU
		{D0431B65-6D24-411F-BF60-6D1CD9BF0BB7}.Release|Any CPU.Build.0 = Release|Any CPU
	EndGlobalSection
	GlobalSection(SolutionProperties) = preSolution
		HideSolutionNode = FALSE
	EndGlobalSection
EndGlobal
